
Microsoft Visual Studio Solution File, Format Version 12.00
# Visual Studio Version 16
VisualStudioVersion = 16.0.31624.102
MinimumVisualStudioVersion = 10.0.40219.1
Project("{FAE04EC0-301F-11D3-BF4B-00C04F79EFBC}") = "Exercise1", "Exercise1\Exercise1.csproj", "{8BEE754F-B070-468C-81B2-DF68E684A2A0}"
EndProject
Global
	GlobalSection(SolutionConfigurationPlatforms) = preSolution
		Debug|Any CPU = Debug|Any CPU
		Release|Any CPU = Release|Any CPU
	EndGlobalSection
	GlobalSection(ProjectConfigurationPlatforms) = postSolution
		{8BEE754F-B070-468C-81B2-DF68E684A2A0}.Debug|Any CPU.ActiveCfg = Debug|Any CPU
		{8BEE754F-B070-468C-81B2-DF68E684A2A0}.Debug|Any CPU.Build.0 = Debug|Any CPU
		{8BEE754F-B070-468C-81B2-DF68E684A2A0}.Release|Any CPU.ActiveCfg = Release|Any CPU
		{8BEE754F-B070-468C-81B2-DF68E684A2A0}.Release|Any CPU.Build.0 = Release|Any CPU
	EndGlobalSection
	GlobalSection(SolutionProperties) = preSolution
		HideSolutionNode = FALSE
	EndGlobalSection
	GlobalSection(ExtensibilityGlobals) = postSolution
		SolutionGuid = {A5D7CEC2-5AE1-4D9E-8F67-2589AA381AE7}
	EndGlobalSection
EndGlobal
